
Microsoft Visual Studio Solution File, Format Version 12.00
# Visual Studio Version 17
VisualStudioVersion = 17.13.35931.197
MinimumVisualStudioVersion = 10.0.40219.1
Project("{FAE04EC0-301F-11D3-BF4B-00C04F79EFBC}") = "EstadisticasVentas", "EstadisticasVentas\EstadisticasVentas.csproj", "{8B37B893-7114-4AD1-93EA-A46B919C6FA6}"
EndProject
Project("{FAE04EC0-301F-11D3-BF4B-00C04F79EFBC}") = "DPL", "DPL\DPL.csproj", "{5DB8CE57-A4E4-41C8-9070-91C6E048D59A}"
EndProject
Project("{FAE04EC0-301F-11D3-BF4B-00C04F79EFBC}") = "BLL", "BLL\BLL.csproj", "{5FF19AD2-1566-468A-B3B7-ACDF1670861B}"
EndProject
Global
	GlobalSection(SolutionConfigurationPlatforms) = preSolution
		Debug|Any CPU = Debug|Any CPU
		Release|Any CPU = Release|Any CPU
	EndGlobalSection
	GlobalSection(ProjectConfigurationPlatforms) = postSolution
		{8B37B893-7114-4AD1-93EA-A46B919C6FA6}.Debug|Any CPU.ActiveCfg = Debug|Any CPU
		{8B37B893-7114-4AD1-93EA-A46B919C6FA6}.Debug|Any CPU.Build.0 = Debug|Any CPU
		{8B37B893-7114-4AD1-93EA-A46B919C6FA6}.Release|Any CPU.ActiveCfg = Release|Any CPU
		{8B37B893-7114-4AD1-93EA-A46B919C6FA6}.Release|Any CPU.Build.0 = Release|Any CPU
		{5DB8CE57-A4E4-41C8-9070-91C6E048D59A}.Debug|Any CPU.ActiveCfg = Debug|Any CPU
		{5DB8CE57-A4E4-41C8-9070-91C6E048D59A}.Debug|Any CPU.Build.0 = Debug|Any CPU
		{5DB8CE57-A4E4-41C8-9070-91C6E048D59A}.Release|Any CPU.ActiveCfg = Release|Any CPU
		{5DB8CE57-A4E4-41C8-9070-91C6E048D59A}.Release|Any CPU.Build.0 = Release|Any CPU
		{5FF19AD2-1566-468A-B3B7-ACDF1670861B}.Debug|Any CPU.ActiveCfg = Debug|Any CPU
		{5FF19AD2-1566-468A-B3B7-ACDF1670861B}.Debug|Any CPU.Build.0 = Debug|Any CPU
		{5FF19AD2-1566-468A-B3B7-ACDF1670861B}.Release|Any CPU.ActiveCfg = Release|Any CPU
		{5FF19AD2-1566-468A-B3B7-ACDF1670861B}.Release|Any CPU.Build.0 = Release|Any CPU
	EndGlobalSection
	GlobalSection(SolutionProperties) = preSolution
		HideSolutionNode = FALSE
	EndGlobalSection
	GlobalSection(ExtensibilityGlobals) = postSolution
		SolutionGuid = {A6A13084-C456-4DF3-B06C-4CE5C6B44319}
	EndGlobalSection
EndGlobal
